
Microsoft Visual Studio Solution File, Format Version 12.00
# Visual Studio Version 16
VisualStudioVersion = 16.0.29215.179
MinimumVisualStudioVersion = 10.0.40219.1
Project("{FAE04EC0-301F-11D3-BF4B-00C04F79EFBC}") = "QrCodeText", "QrCodeText\QrCodeText.csproj", "{5B24AB59-36CF-4A37-AF18-30AD8203E1E1}"
EndProject
Project("{FAE04EC0-301F-11D3-BF4B-00C04F79EFBC}") = "QrCodeText.Test", "QrCodeText.Test\QrCodeText.Test.csproj", "{C620B0E9-E66C-4919-9957-94F29058851A}"
EndProject
Global
	GlobalSection(SolutionConfigurationPlatforms) = preSolution
		Debug|Any CPU = Debug|Any CPU
		Release|Any CPU = Release|Any CPU
	EndGlobalSection
	GlobalSection(ProjectConfigurationPlatforms) = postSolution
		{5B24AB59-36CF-4A37-AF18-30AD8203E1E1}.Debug|Any CPU.ActiveCfg = Debug|Any CPU
		{5B24AB59-36CF-4A37-AF18-30AD8203E1E1}.Debug|Any CPU.Build.0 = Debug|Any CPU
		{5B24AB59-36CF-4A37-AF18-30AD8203E1E1}.Release|Any CPU.ActiveCfg = Release|Any CPU
		{5B24AB59-36CF-4A37-AF18-30AD8203E1E1}.Release|Any CPU.Build.0 = Release|Any CPU
		{C620B0E9-E66C-4919-9957-94F29058851A}.Debug|Any CPU.ActiveCfg = Debug|Any CPU
		{C620B0E9-E66C-4919-9957-94F29058851A}.Debug|Any CPU.Build.0 = Debug|Any CPU
		{C620B0E9-E66C-4919-9957-94F29058851A}.Release|Any CPU.ActiveCfg = Release|Any CPU
		{C620B0E9-E66C-4919-9957-94F29058851A}.Release|Any CPU.Build.0 = Release|Any CPU
	EndGlobalSection
	GlobalSection(SolutionProperties) = preSolution
		HideSolutionNode = FALSE
	EndGlobalSection
	GlobalSection(ExtensibilityGlobals) = postSolution
		SolutionGuid = {862E9469-4B4B-44AE-8A58-45C7B9B11EC9}
	EndGlobalSection
EndGlobal
